# THIS IS AN AUTOGENERATED FILE. DO NOT EDIT THIS FILE DIRECTLY.
# yarn lockfile v1


"@nuxtjs/vuetify@^0.5.6":
  version "0.5.6"
  resolved "https://registry.yarnpkg.com/@nuxtjs/vuetify/-/vuetify-0.5.6.tgz#b070ebb338439aabb130b486db622b74b8c01e92"
  integrity sha512-AZrYApYcrz8WmZWI0UKKBi7XT+Qzwl1lgHcIBJT2+PU9F5k/E+WaaUId7XAaBRGG6gH+nXZPqxn/hm3NXvKFgg==
  dependencies:
    vuetify "^1.5.14"

vuetify@^1.5.14:
  version "1.5.16"
  resolved "https://registry.yarnpkg.com/vuetify/-/vuetify-1.5.16.tgz#cc9d0199c389d64d15787ddc85ca47a28225eeee"
  integrity sha512-yBgOsfurKQkeS+l+rrTQZ2bFk0D9ezjHhkuVM5A/yVzcg62sY2nfYaq/H++uezBWC9WYFrp/5OmSocJQcWn9Qw==
